
Microsoft Visual Studio Solution File, Format Version 12.00
# Visual Studio Version 17
VisualStudioVersion = 17.9.34714.143
MinimumVisualStudioVersion = 10.0.40219.1
Project("{2150E333-8FDC-42A3-9474-1A3956D46DE8}") = "Lek02", "Lek02", "{882A8D17-4E03-4AC6-B858-2A9720720846}"
EndProject
Project("{2150E333-8FDC-42A3-9474-1A3956D46DE8}") = "Lek07", "Lek07", "{80BB402D-0154-4C03-B8D9-C196E08E3C6B}"
EndProject
Project("{FAE04EC0-301F-11D3-BF4B-00C04F79EFBC}") = "Lek02Opgaver", "Lek02Opgaver\Lek02Opgaver.csproj", "{68807291-9F3C-40B0-8B36-4FE4BF60D78A}"
EndProject
Project("{2150E333-8FDC-42A3-9474-1A3956D46DE8}") = "Lek10", "Lek10", "{32E0901C-F143-404F-8656-D957A6A12985}"
EndProject
Project("{FAE04EC0-301F-11D3-BF4B-00C04F79EFBC}") = "BluffCitySplitter", "BluffCitySplitter\BluffCitySplitter.csproj", "{4892F315-C9E6-4088-9252-D03075E62CE2}"
EndProject
Project("{2150E333-8FDC-42A3-9474-1A3956D46DE8}") = "Utilities", "Utilities", "{EBC9091B-D26B-4D7A-A9A8-1829340DEA9F}"
EndProject
Project("{FAE04EC0-301F-11D3-BF4B-00C04F79EFBC}") = "MessageQueueUtilities", "MessageQueueUtilities\MessageQueueUtilities.csproj", "{7430FE61-BFCD-453C-A28D-63E6BA6AF6A5}"
EndProject
Project("{FAE04EC0-301F-11D3-BF4B-00C04F79EFBC}") = "Opgave2", "lektion7Opgaver\Opgave2\Opgave2.csproj", "{ECADC9D5-64FF-4B9A-AF97-BDC97E39D806}"
EndProject
Project("{FAE04EC0-301F-11D3-BF4B-00C04F79EFBC}") = "KLMSystem", "lektion7Opgaver\KLMSystem\KLMSystem.csproj", "{ED28923A-C0C5-484D-8426-90FDA522D150}"
EndProject
Project("{FAE04EC0-301F-11D3-BF4B-00C04F79EFBC}") = "IntegrationSystem", "lektion7Opgaver\IntegrationSystem\IntegrationSystem.csproj", "{914AEC6A-15F3-42FD-9D4D-60C04C2DE4D0}"
EndProject
Project("{FAE04EC0-301F-11D3-BF4B-00C04F79EFBC}") = "BluffCityICPublishSubscribe", "BluffCityICPublishSubscribe\MYFirstMSMQ\BluffCityICPublishSubscribe.csproj", "{DC12EBC5-0062-4CF1-B602-3511E1D936A8}"
EndProject
Project("{2150E333-8FDC-42A3-9474-1A3956D46DE8}") = "MultiCast", "MultiCast", "{22F98561-AF9D-4382-B29B-5CD5EF4F7026}"
EndProject
Project("{FAE04EC0-301F-11D3-BF4B-00C04F79EFBC}") = "BluffCityInformationCenterJson", "MulticastPublishSubscribe\BluffCityInformationCenterJson\MYFirstMSMQ\BluffCityInformationCenterJson.csproj", "{7D8BFBA3-669B-4632-AA9C-99DBF29CB242}"
EndProject
Project("{FAE04EC0-301F-11D3-BF4B-00C04F79EFBC}") = "BluffCityPublisherMultiCast", "MulticastPublishSubscribe\BluffCityPublisherMultiCast\MYFirstMSMQ\BluffCityPublisherMultiCast.csproj", "{C59AF56F-CB08-4E09-831B-6A72819A31B7}"
EndProject
Project("{FAE04EC0-301F-11D3-BF4B-00C04F79EFBC}") = "BluffCitySubscriberSASMultiCast", "MulticastPublishSubscribe\BluffCitySubscriberSASMultiCast\MYFirstMSMQ\BluffCitySubscriberSASMultiCast.csproj", "{FC9E3093-0B00-4407-912D-40B3B1CE2248}"
EndProject
Project("{2150E333-8FDC-42A3-9474-1A3956D46DE8}") = "Lek08", "Lek08", "{960C5921-8FF2-43E6-8343-66F8FD2FA357}"
EndProject
Project("{FAE04EC0-301F-11D3-BF4B-00C04F79EFBC}") = "RequestReply", "BluffCityRequestReply\RequestReply\RequestReply.csproj", "{B7BAE008-63B3-49F5-AD83-FF4F59140181}"
EndProject
Project("{FAE04EC0-301F-11D3-BF4B-00C04F79EFBC}") = "BluffCityRequestETA", "BluffCityRequestReplySAS\BluffCityRequesterSAS\MYFirstMSMQ\BluffCityRequestETA.csproj", "{4F6EC843-2F60-4B2A-BDEF-EFE1379C0AE4}"
EndProject
Project("{FAE04EC0-301F-11D3-BF4B-00C04F79EFBC}") = "BluffCityInformationCenterReply", "BluffCityRequestReplySAS\BluffCityInformationCenterReply\MYFirstMSMQ\BluffCityInformationCenterReply.csproj", "{9C98A320-C585-45A5-A78E-E820EC2AC4B2}"
EndProject
Project("{2150E333-8FDC-42A3-9474-1A3956D46DE8}") = "Lek09", "Lek09", "{AD6B3EFE-09AD-41BC-8E9B-7DED0AB4D3C5}"
EndProject
Project("{FAE04EC0-301F-11D3-BF4B-00C04F79EFBC}") = "L09Opg01 Rumena", "L09Opg01 Rumena\L09Opg01 Rumena\L09Opg01 Rumena.csproj", "{F5657CAE-24DD-4041-A6B2-AFA75C9CEC77}"
EndProject
Project("{FAE04EC0-301F-11D3-BF4B-00C04F79EFBC}") = "AdapterExcel", "AdapterExcel\AdapterExcel\AdapterExcel.csproj", "{439491C5-3D11-4366-8601-7C3EB5E908CA}"
EndProject
Project("{2150E333-8FDC-42A3-9474-1A3956D46DE8}") = "Lek13", "Lek13", "{B866D530-1000-4680-9D13-0DAE63CB18CF}"
EndProject
Project("{FAE04EC0-301F-11D3-BF4B-00C04F79EFBC}") = "Lek13Opgaver", "Lek13Opgaver\Lek13Opgaver.csproj", "{241AE60A-52D5-4F7E-981B-3C39223DC5C4}"
EndProject
Project("{FAE04EC0-301F-11D3-BF4B-00C04F79EFBC}") = "BluffCityCheckInOutput", "BluffCityCheckInOutput\MYFirstMSMQ\BluffCityCheckInOutput.csproj", "{839A48DD-74C8-4D2D-A060-EEA413D001AC}"
EndProject
Project("{FAE04EC0-301F-11D3-BF4B-00C04F79EFBC}") = "BluffCityICXPath", "BluffCityICXPath\MYFirstMSMQ\BluffCityICXPath.csproj", "{D771B144-31AF-47D4-8D06-B5A2981CFE26}"
EndProject
Project("{FAE04EC0-301F-11D3-BF4B-00C04F79EFBC}") = "BluffCityInformationCenter", "BluffCityInformationCenter\MYFirstMSMQ\BluffCityInformationCenter.csproj", "{459ACBD2-8519-451E-A4AD-A3FAFC4600E9}"
EndProject
Global
	GlobalSection(SolutionConfigurationPlatforms) = preSolution
		Debug|Any CPU = Debug|Any CPU
		Debug|x86 = Debug|x86
		Release|Any CPU = Release|Any CPU
		Release|x86 = Release|x86
	EndGlobalSection
	GlobalSection(ProjectConfigurationPlatforms) = postSolution
		{68807291-9F3C-40B0-8B36-4FE4BF60D78A}.Debug|Any CPU.ActiveCfg = Debug|Any CPU
		{68807291-9F3C-40B0-8B36-4FE4BF60D78A}.Debug|Any CPU.Build.0 = Debug|Any CPU
		{68807291-9F3C-40B0-8B36-4FE4BF60D78A}.Debug|x86.ActiveCfg = Debug|Any CPU
		{68807291-9F3C-40B0-8B36-4FE4BF60D78A}.Debug|x86.Build.0 = Debug|Any CPU
		{68807291-9F3C-40B0-8B36-4FE4BF60D78A}.Release|Any CPU.ActiveCfg = Release|Any CPU
		{68807291-9F3C-40B0-8B36-4FE4BF60D78A}.Release|Any CPU.Build.0 = Release|Any CPU
		{68807291-9F3C-40B0-8B36-4FE4BF60D78A}.Release|x86.ActiveCfg = Release|Any CPU
		{68807291-9F3C-40B0-8B36-4FE4BF60D78A}.Release|x86.Build.0 = Release|Any CPU
		{4892F315-C9E6-4088-9252-D03075E62CE2}.Debug|Any CPU.ActiveCfg = Debug|Any CPU
		{4892F315-C9E6-4088-9252-D03075E62CE2}.Debug|Any CPU.Build.0 = Debug|Any CPU
		{4892F315-C9E6-4088-9252-D03075E62CE2}.Debug|x86.ActiveCfg = Debug|Any CPU
		{4892F315-C9E6-4088-9252-D03075E62CE2}.Debug|x86.Build.0 = Debug|Any CPU
		{4892F315-C9E6-4088-9252-D03075E62CE2}.Release|Any CPU.ActiveCfg = Release|Any CPU
		{4892F315-C9E6-4088-9252-D03075E62CE2}.Release|Any CPU.Build.0 = Release|Any CPU
		{4892F315-C9E6-4088-9252-D03075E62CE2}.Release|x86.ActiveCfg = Release|Any CPU
		{4892F315-C9E6-4088-9252-D03075E62CE2}.Release|x86.Build.0 = Release|Any CPU
		{7430FE61-BFCD-453C-A28D-63E6BA6AF6A5}.Debug|Any CPU.ActiveCfg = Debug|Any CPU
		{7430FE61-BFCD-453C-A28D-63E6BA6AF6A5}.Debug|Any CPU.Build.0 = Debug|Any CPU
		{7430FE61-BFCD-453C-A28D-63E6BA6AF6A5}.Debug|x86.ActiveCfg = Debug|Any CPU
		{7430FE61-BFCD-453C-A28D-63E6BA6AF6A5}.Debug|x86.Build.0 = Debug|Any CPU
		{7430FE61-BFCD-453C-A28D-63E6BA6AF6A5}.Release|Any CPU.ActiveCfg = Release|Any CPU
		{7430FE61-BFCD-453C-A28D-63E6BA6AF6A5}.Release|Any CPU.Build.0 = Release|Any CPU
		{7430FE61-BFCD-453C-A28D-63E6BA6AF6A5}.Release|x86.ActiveCfg = Release|Any CPU
		{7430FE61-BFCD-453C-A28D-63E6BA6AF6A5}.Release|x86.Build.0 = Release|Any CPU
		{ECADC9D5-64FF-4B9A-AF97-BDC97E39D806}.Debug|Any CPU.ActiveCfg = Debug|Any CPU
		{ECADC9D5-64FF-4B9A-AF97-BDC97E39D806}.Debug|Any CPU.Build.0 = Debug|Any CPU
		{ECADC9D5-64FF-4B9A-AF97-BDC97E39D806}.Debug|x86.ActiveCfg = Debug|Any CPU
		{ECADC9D5-64FF-4B9A-AF97-BDC97E39D806}.Debug|x86.Build.0 = Debug|Any CPU
		{ECADC9D5-64FF-4B9A-AF97-BDC97E39D806}.Release|Any CPU.ActiveCfg = Release|Any CPU
		{ECADC9D5-64FF-4B9A-AF97-BDC97E39D806}.Release|Any CPU.Build.0 = Release|Any CPU
		{ECADC9D5-64FF-4B9A-AF97-BDC97E39D806}.Release|x86.ActiveCfg = Release|Any CPU
		{ECADC9D5-64FF-4B9A-AF97-BDC97E39D806}.Release|x86.Build.0 = Release|Any CPU
		{ED28923A-C0C5-484D-8426-90FDA522D150}.Debug|Any CPU.ActiveCfg = Debug|Any CPU
		{ED28923A-C0C5-484D-8426-90FDA522D150}.Debug|Any CPU.Build.0 = Debug|Any CPU
		{ED28923A-C0C5-484D-8426-90FDA522D150}.Debug|x86.ActiveCfg = Debug|Any CPU
		{ED28923A-C0C5-484D-8426-90FDA522D150}.Debug|x86.Build.0 = Debug|Any CPU
		{ED28923A-C0C5-484D-8426-90FDA522D150}.Release|Any CPU.ActiveCfg = Release|Any CPU
		{ED28923A-C0C5-484D-8426-90FDA522D150}.Release|Any CPU.Build.0 = Release|Any CPU
		{ED28923A-C0C5-484D-8426-90FDA522D150}.Release|x86.ActiveCfg = Release|Any CPU
		{ED28923A-C0C5-484D-8426-90FDA522D150}.Release|x86.Build.0 = Release|Any CPU
		{914AEC6A-15F3-42FD-9D4D-60C04C2DE4D0}.Debug|Any CPU.ActiveCfg = Debug|Any CPU
		{914AEC6A-15F3-42FD-9D4D-60C04C2DE4D0}.Debug|Any CPU.Build.0 = Debug|Any CPU
		{914AEC6A-15F3-42FD-9D4D-60C04C2DE4D0}.Debug|x86.ActiveCfg = Debug|Any CPU
		{914AEC6A-15F3-42FD-9D4D-60C04C2DE4D0}.Debug|x86.Build.0 = Debug|Any CPU
		{914AEC6A-15F3-42FD-9D4D-60C04C2DE4D0}.Release|Any CPU.ActiveCfg = Release|Any CPU
		{914AEC6A-15F3-42FD-9D4D-60C04C2DE4D0}.Release|Any CPU.Build.0 = Release|Any CPU
		{914AEC6A-15F3-42FD-9D4D-60C04C2DE4D0}.Release|x86.ActiveCfg = Release|Any CPU
		{914AEC6A-15F3-42FD-9D4D-60C04C2DE4D0}.Release|x86.Build.0 = Release|Any CPU
		{DC12EBC5-0062-4CF1-B602-3511E1D936A8}.Debug|Any CPU.ActiveCfg = Debug|Any CPU
		{DC12EBC5-0062-4CF1-B602-3511E1D936A8}.Debug|Any CPU.Build.0 = Debug|Any CPU
		{DC12EBC5-0062-4CF1-B602-3511E1D936A8}.Debug|x86.ActiveCfg = Debug|Any CPU
		{DC12EBC5-0062-4CF1-B602-3511E1D936A8}.Debug|x86.Build.0 = Debug|Any CPU
		{DC12EBC5-0062-4CF1-B602-3511E1D936A8}.Release|Any CPU.ActiveCfg = Release|Any CPU
		{DC12EBC5-0062-4CF1-B602-3511E1D936A8}.Release|Any CPU.Build.0 = Release|Any CPU
		{DC12EBC5-0062-4CF1-B602-3511E1D936A8}.Release|x86.ActiveCfg = Release|Any CPU
		{DC12EBC5-0062-4CF1-B602-3511E1D936A8}.Release|x86.Build.0 = Release|Any CPU
		{7D8BFBA3-669B-4632-AA9C-99DBF29CB242}.Debug|Any CPU.ActiveCfg = Debug|Any CPU
		{7D8BFBA3-669B-4632-AA9C-99DBF29CB242}.Debug|Any CPU.Build.0 = Debug|Any CPU
		{7D8BFBA3-669B-4632-AA9C-99DBF29CB242}.Debug|x86.ActiveCfg = Debug|Any CPU
		{7D8BFBA3-669B-4632-AA9C-99DBF29CB242}.Debug|x86.Build.0 = Debug|Any CPU
		{7D8BFBA3-669B-4632-AA9C-99DBF29CB242}.Release|Any CPU.ActiveCfg = Release|Any CPU
		{7D8BFBA3-669B-4632-AA9C-99DBF29CB242}.Release|Any CPU.Build.0 = Release|Any CPU
		{7D8BFBA3-669B-4632-AA9C-99DBF29CB242}.Release|x86.ActiveCfg = Release|Any CPU
		{7D8BFBA3-669B-4632-AA9C-99DBF29CB242}.Release|x86.Build.0 = Release|Any CPU
		{C59AF56F-CB08-4E09-831B-6A72819A31B7}.Debug|Any CPU.ActiveCfg = Debug|Any CPU
		{C59AF56F-CB08-4E09-831B-6A72819A31B7}.Debug|Any CPU.Build.0 = Debug|Any CPU
		{C59AF56F-CB08-4E09-831B-6A72819A31B7}.Debug|x86.ActiveCfg = Debug|Any CPU
		{C59AF56F-CB08-4E09-831B-6A72819A31B7}.Debug|x86.Build.0 = Debug|Any CPU
		{C59AF56F-CB08-4E09-831B-6A72819A31B7}.Release|Any CPU.ActiveCfg = Release|Any CPU
		{C59AF56F-CB08-4E09-831B-6A72819A31B7}.Release|Any CPU.Build.0 = Release|Any CPU
		{C59AF56F-CB08-4E09-831B-6A72819A31B7}.Release|x86.ActiveCfg = Release|Any CPU
		{C59AF56F-CB08-4E09-831B-6A72819A31B7}.Release|x86.Build.0 = Release|Any CPU
		{FC9E3093-0B00-4407-912D-40B3B1CE2248}.Debug|Any CPU.ActiveCfg = Debug|Any CPU
		{FC9E3093-0B00-4407-912D-40B3B1CE2248}.Debug|Any CPU.Build.0 = Debug|Any CPU
		{FC9E3093-0B00-4407-912D-40B3B1CE2248}.Debug|x86.ActiveCfg = Debug|Any CPU
		{FC9E3093-0B00-4407-912D-40B3B1CE2248}.Debug|x86.Build.0 = Debug|Any CPU
		{FC9E3093-0B00-4407-912D-40B3B1CE2248}.Release|Any CPU.ActiveCfg = Release|Any CPU
		{FC9E3093-0B00-4407-912D-40B3B1CE2248}.Release|Any CPU.Build.0 = Release|Any CPU
		{FC9E3093-0B00-4407-912D-40B3B1CE2248}.Release|x86.ActiveCfg = Release|Any CPU
		{FC9E3093-0B00-4407-912D-40B3B1CE2248}.Release|x86.Build.0 = Release|Any CPU
		{B7BAE008-63B3-49F5-AD83-FF4F59140181}.Debug|Any CPU.ActiveCfg = Debug|x86
		{B7BAE008-63B3-49F5-AD83-FF4F59140181}.Debug|Any CPU.Build.0 = Debug|x86
		{B7BAE008-63B3-49F5-AD83-FF4F59140181}.Debug|x86.ActiveCfg = Debug|x86
		{B7BAE008-63B3-49F5-AD83-FF4F59140181}.Debug|x86.Build.0 = Debug|x86
		{B7BAE008-63B3-49F5-AD83-FF4F59140181}.Release|Any CPU.ActiveCfg = Release|x86
		{B7BAE008-63B3-49F5-AD83-FF4F59140181}.Release|Any CPU.Build.0 = Release|x86
		{B7BAE008-63B3-49F5-AD83-FF4F59140181}.Release|x86.ActiveCfg = Release|x86
		{B7BAE008-63B3-49F5-AD83-FF4F59140181}.Release|x86.Build.0 = Release|x86
		{4F6EC843-2F60-4B2A-BDEF-EFE1379C0AE4}.Debug|Any CPU.ActiveCfg = Debug|Any CPU
		{4F6EC843-2F60-4B2A-BDEF-EFE1379C0AE4}.Debug|Any CPU.Build.0 = Debug|Any CPU
		{4F6EC843-2F60-4B2A-BDEF-EFE1379C0AE4}.Debug|x86.ActiveCfg = Debug|Any CPU
		{4F6EC843-2F60-4B2A-BDEF-EFE1379C0AE4}.Debug|x86.Build.0 = Debug|Any CPU
		{4F6EC843-2F60-4B2A-BDEF-EFE1379C0AE4}.Release|Any CPU.ActiveCfg = Release|Any CPU
		{4F6EC843-2F60-4B2A-BDEF-EFE1379C0AE4}.Release|Any CPU.Build.0 = Release|Any CPU
		{4F6EC843-2F60-4B2A-BDEF-EFE1379C0AE4}.Release|x86.ActiveCfg = Release|Any CPU
		{4F6EC843-2F60-4B2A-BDEF-EFE1379C0AE4}.Release|x86.Build.0 = Release|Any CPU
		{9C98A320-C585-45A5-A78E-E820EC2AC4B2}.Debug|Any CPU.ActiveCfg = Debug|Any CPU
		{9C98A320-C585-45A5-A78E-E820EC2AC4B2}.Debug|Any CPU.Build.0 = Debug|Any CPU
		{9C98A320-C585-45A5-A78E-E820EC2AC4B2}.Debug|x86.ActiveCfg = Debug|Any CPU
		{9C98A320-C585-45A5-A78E-E820EC2AC4B2}.Debug|x86.Build.0 = Debug|Any CPU
		{9C98A320-C585-45A5-A78E-E820EC2AC4B2}.Release|Any CPU.ActiveCfg = Release|Any CPU
		{9C98A320-C585-45A5-A78E-E820EC2AC4B2}.Release|Any CPU.Build.0 = Release|Any CPU
		{9C98A320-C585-45A5-A78E-E820EC2AC4B2}.Release|x86.ActiveCfg = Release|Any CPU
		{9C98A320-C585-45A5-A78E-E820EC2AC4B2}.Release|x86.Build.0 = Release|Any CPU
		{F5657CAE-24DD-4041-A6B2-AFA75C9CEC77}.Debug|Any CPU.ActiveCfg = Debug|Any CPU
		{F5657CAE-24DD-4041-A6B2-AFA75C9CEC77}.Debug|Any CPU.Build.0 = Debug|Any CPU
		{F5657CAE-24DD-4041-A6B2-AFA75C9CEC77}.Debug|x86.ActiveCfg = Debug|Any CPU
		{F5657CAE-24DD-4041-A6B2-AFA75C9CEC77}.Debug|x86.Build.0 = Debug|Any CPU
		{F5657CAE-24DD-4041-A6B2-AFA75C9CEC77}.Release|Any CPU.ActiveCfg = Release|Any CPU
		{F5657CAE-24DD-4041-A6B2-AFA75C9CEC77}.Release|Any CPU.Build.0 = Release|Any CPU
		{F5657CAE-24DD-4041-A6B2-AFA75C9CEC77}.Release|x86.ActiveCfg = Release|Any CPU
		{F5657CAE-24DD-4041-A6B2-AFA75C9CEC77}.Release|x86.Build.0 = Release|Any CPU
		{439491C5-3D11-4366-8601-7C3EB5E908CA}.Debug|Any CPU.ActiveCfg = Debug|x86
		{439491C5-3D11-4366-8601-7C3EB5E908CA}.Debug|Any CPU.Build.0 = Debug|x86
		{439491C5-3D11-4366-8601-7C3EB5E908CA}.Debug|x86.ActiveCfg = Debug|x86
		{439491C5-3D11-4366-8601-7C3EB5E908CA}.Debug|x86.Build.0 = Debug|x86
		{439491C5-3D11-4366-8601-7C3EB5E908CA}.Release|Any CPU.ActiveCfg = Release|x86
		{439491C5-3D11-4366-8601-7C3EB5E908CA}.Release|Any CPU.Build.0 = Release|x86
		{439491C5-3D11-4366-8601-7C3EB5E908CA}.Release|x86.ActiveCfg = Release|x86
		{439491C5-3D11-4366-8601-7C3EB5E908CA}.Release|x86.Build.0 = Release|x86
		{241AE60A-52D5-4F7E-981B-3C39223DC5C4}.Debug|Any CPU.ActiveCfg = Debug|Any CPU
		{241AE60A-52D5-4F7E-981B-3C39223DC5C4}.Debug|Any CPU.Build.0 = Debug|Any CPU
		{241AE60A-52D5-4F7E-981B-3C39223DC5C4}.Debug|x86.ActiveCfg = Debug|Any CPU
		{241AE60A-52D5-4F7E-981B-3C39223DC5C4}.Debug|x86.Build.0 = Debug|Any CPU
		{241AE60A-52D5-4F7E-981B-3C39223DC5C4}.Release|Any CPU.ActiveCfg = Release|Any CPU
		{241AE60A-52D5-4F7E-981B-3C39223DC5C4}.Release|Any CPU.Build.0 = Release|Any CPU
		{241AE60A-52D5-4F7E-981B-3C39223DC5C4}.Release|x86.ActiveCfg = Release|Any CPU
		{241AE60A-52D5-4F7E-981B-3C39223DC5C4}.Release|x86.Build.0 = Release|Any CPU
		{839A48DD-74C8-4D2D-A060-EEA413D001AC}.Debug|Any CPU.ActiveCfg = Debug|Any CPU
		{839A48DD-74C8-4D2D-A060-EEA413D001AC}.Debug|Any CPU.Build.0 = Debug|Any CPU
		{839A48DD-74C8-4D2D-A060-EEA413D001AC}.Debug|x86.ActiveCfg = Debug|Any CPU
		{839A48DD-74C8-4D2D-A060-EEA413D001AC}.Debug|x86.Build.0 = Debug|Any CPU
		{839A48DD-74C8-4D2D-A060-EEA413D001AC}.Release|Any CPU.ActiveCfg = Release|Any CPU
		{839A48DD-74C8-4D2D-A060-EEA413D001AC}.Release|Any CPU.Build.0 = Release|Any CPU
		{839A48DD-74C8-4D2D-A060-EEA413D001AC}.Release|x86.ActiveCfg = Release|Any CPU
		{839A48DD-74C8-4D2D-A060-EEA413D001AC}.Release|x86.Build.0 = Release|Any CPU
		{D771B144-31AF-47D4-8D06-B5A2981CFE26}.Debug|Any CPU.ActiveCfg = Debug|Any CPU
		{D771B144-31AF-47D4-8D06-B5A2981CFE26}.Debug|Any CPU.Build.0 = Debug|Any CPU
		{D771B144-31AF-47D4-8D06-B5A2981CFE26}.Debug|x86.ActiveCfg = Debug|Any CPU
		{D771B144-31AF-47D4-8D06-B5A2981CFE26}.Debug|x86.Build.0 = Debug|Any CPU
		{D771B144-31AF-47D4-8D06-B5A2981CFE26}.Release|Any CPU.ActiveCfg = Release|Any CPU
		{D771B144-31AF-47D4-8D06-B5A2981CFE26}.Release|Any CPU.Build.0 = Release|Any CPU
		{D771B144-31AF-47D4-8D06-B5A2981CFE26}.Release|x86.ActiveCfg = Release|Any CPU
		{D771B144-31AF-47D4-8D06-B5A2981CFE26}.Release|x86.Build.0 = Release|Any CPU
		{459ACBD2-8519-451E-A4AD-A3FAFC4600E9}.Debug|Any CPU.ActiveCfg = Debug|Any CPU
		{459ACBD2-8519-451E-A4AD-A3FAFC4600E9}.Debug|Any CPU.Build.0 = Debug|Any CPU
		{459ACBD2-8519-451E-A4AD-A3FAFC4600E9}.Debug|x86.ActiveCfg = Debug|Any CPU
		{459ACBD2-8519-451E-A4AD-A3FAFC4600E9}.Debug|x86.Build.0 = Debug|Any CPU
		{459ACBD2-8519-451E-A4AD-A3FAFC4600E9}.Release|Any CPU.ActiveCfg = Release|Any CPU
		{459ACBD2-8519-451E-A4AD-A3FAFC4600E9}.Release|Any CPU.Build.0 = Release|Any CPU
		{459ACBD2-8519-451E-A4AD-A3FAFC4600E9}.Release|x86.ActiveCfg = Release|Any CPU
		{459ACBD2-8519-451E-A4AD-A3FAFC4600E9}.Release|x86.Build.0 = Release|Any CPU
	EndGlobalSection
	GlobalSection(SolutionProperties) = preSolution
		HideSolutionNode = FALSE
	EndGlobalSection
	GlobalSection(NestedProjects) = preSolution
		{68807291-9F3C-40B0-8B36-4FE4BF60D78A} = {882A8D17-4E03-4AC6-B858-2A9720720846}
		{4892F315-C9E6-4088-9252-D03075E62CE2} = {32E0901C-F143-404F-8656-D957A6A12985}
		{7430FE61-BFCD-453C-A28D-63E6BA6AF6A5} = {EBC9091B-D26B-4D7A-A9A8-1829340DEA9F}
		{ECADC9D5-64FF-4B9A-AF97-BDC97E39D806} = {80BB402D-0154-4C03-B8D9-C196E08E3C6B}
		{ED28923A-C0C5-484D-8426-90FDA522D150} = {80BB402D-0154-4C03-B8D9-C196E08E3C6B}
		{914AEC6A-15F3-42FD-9D4D-60C04C2DE4D0} = {80BB402D-0154-4C03-B8D9-C196E08E3C6B}
		{DC12EBC5-0062-4CF1-B602-3511E1D936A8} = {80BB402D-0154-4C03-B8D9-C196E08E3C6B}
		{22F98561-AF9D-4382-B29B-5CD5EF4F7026} = {80BB402D-0154-4C03-B8D9-C196E08E3C6B}
		{7D8BFBA3-669B-4632-AA9C-99DBF29CB242} = {22F98561-AF9D-4382-B29B-5CD5EF4F7026}
		{C59AF56F-CB08-4E09-831B-6A72819A31B7} = {22F98561-AF9D-4382-B29B-5CD5EF4F7026}
		{FC9E3093-0B00-4407-912D-40B3B1CE2248} = {22F98561-AF9D-4382-B29B-5CD5EF4F7026}
		{B7BAE008-63B3-49F5-AD83-FF4F59140181} = {960C5921-8FF2-43E6-8343-66F8FD2FA357}
		{4F6EC843-2F60-4B2A-BDEF-EFE1379C0AE4} = {960C5921-8FF2-43E6-8343-66F8FD2FA357}
		{9C98A320-C585-45A5-A78E-E820EC2AC4B2} = {960C5921-8FF2-43E6-8343-66F8FD2FA357}
		{F5657CAE-24DD-4041-A6B2-AFA75C9CEC77} = {AD6B3EFE-09AD-41BC-8E9B-7DED0AB4D3C5}
		{439491C5-3D11-4366-8601-7C3EB5E908CA} = {AD6B3EFE-09AD-41BC-8E9B-7DED0AB4D3C5}
		{241AE60A-52D5-4F7E-981B-3C39223DC5C4} = {B866D530-1000-4680-9D13-0DAE63CB18CF}
		{839A48DD-74C8-4D2D-A060-EEA413D001AC} = {32E0901C-F143-404F-8656-D957A6A12985}
		{D771B144-31AF-47D4-8D06-B5A2981CFE26} = {32E0901C-F143-404F-8656-D957A6A12985}
		{459ACBD2-8519-451E-A4AD-A3FAFC4600E9} = {32E0901C-F143-404F-8656-D957A6A12985}
	EndGlobalSection
	GlobalSection(ExtensibilityGlobals) = postSolution
		SolutionGuid = {0E597B7B-E869-4828-BF9F-63996E7EC143}
	EndGlobalSection
EndGlobal
