
Microsoft Visual Studio Solution File, Format Version 12.00
# Visual Studio Version 17
VisualStudioVersion = 17.11.35208.52
MinimumVisualStudioVersion = 10.0.40219.1
Project("{FAE04EC0-301F-11D3-BF4B-00C04F79EFBC}") = "IntegrationSystem", "IntegrationSystem.csproj", "{914AEC6A-15F3-42FD-9D4D-60C04C2DE4D0}"
EndProject
Project("{FAE04EC0-301F-11D3-BF4B-00C04F79EFBC}") = "Opgave2", "..\Opgave2\Opgave2.csproj", "{ECADC9D5-64FF-4B9A-AF97-BDC97E39D806}"
EndProject
Project("{FAE04EC0-301F-11D3-BF4B-00C04F79EFBC}") = "KLMSystem", "..\KLMSystem\KLMSystem.csproj", "{ED28923A-C0C5-484D-8426-90FDA522D150}"
EndProject
Global
	GlobalSection(SolutionConfigurationPlatforms) = preSolution
		Debug|Any CPU = Debug|Any CPU
		Release|Any CPU = Release|Any CPU
	EndGlobalSection
	GlobalSection(ProjectConfigurationPlatforms) = postSolution
		{914AEC6A-15F3-42FD-9D4D-60C04C2DE4D0}.Debug|Any CPU.ActiveCfg = Debug|Any CPU
		{914AEC6A-15F3-42FD-9D4D-60C04C2DE4D0}.Debug|Any CPU.Build.0 = Debug|Any CPU
		{914AEC6A-15F3-42FD-9D4D-60C04C2DE4D0}.Release|Any CPU.ActiveCfg = Release|Any CPU
		{914AEC6A-15F3-42FD-9D4D-60C04C2DE4D0}.Release|Any CPU.Build.0 = Release|Any CPU
		{ECADC9D5-64FF-4B9A-AF97-BDC97E39D806}.Debug|Any CPU.ActiveCfg = Debug|Any CPU
		{ECADC9D5-64FF-4B9A-AF97-BDC97E39D806}.Debug|Any CPU.Build.0 = Debug|Any CPU
		{ECADC9D5-64FF-4B9A-AF97-BDC97E39D806}.Release|Any CPU.ActiveCfg = Release|Any CPU
		{ECADC9D5-64FF-4B9A-AF97-BDC97E39D806}.Release|Any CPU.Build.0 = Release|Any CPU
		{ED28923A-C0C5-484D-8426-90FDA522D150}.Debug|Any CPU.ActiveCfg = Debug|Any CPU
		{ED28923A-C0C5-484D-8426-90FDA522D150}.Debug|Any CPU.Build.0 = Debug|Any CPU
		{ED28923A-C0C5-484D-8426-90FDA522D150}.Release|Any CPU.ActiveCfg = Release|Any CPU
		{ED28923A-C0C5-484D-8426-90FDA522D150}.Release|Any CPU.Build.0 = Release|Any CPU
	EndGlobalSection
	GlobalSection(SolutionProperties) = preSolution
		HideSolutionNode = FALSE
	EndGlobalSection
	GlobalSection(ExtensibilityGlobals) = postSolution
		SolutionGuid = {2E8441B0-7895-45DA-86CD-DC1BCA38762F}
	EndGlobalSection
EndGlobal
